
Microsoft Visual Studio Solution File, Format Version 12.00
Project("{FAE04EC0-301F-11D3-BF4B-00C04F79EFBC}") = "AwesomeProject", "AwesomeProject\AwesomeProject.csproj", "{1E6C74E3-5144-4D89-80D5-3D94D88F7520}"
EndProject
Global
	GlobalSection(SolutionConfigurationPlatforms) = preSolution
		Debug|Any CPU = Debug|Any CPU
		Release|Any CPU = Release|Any CPU
	EndGlobalSection
	GlobalSection(ProjectConfigurationPlatforms) = postSolution
		{1E6C74E3-5144-4D89-80D5-3D94D88F7520}.Debug|Any CPU.ActiveCfg = Debug|Any CPU
		{1E6C74E3-5144-4D89-80D5-3D94D88F7520}.Debug|Any CPU.Build.0 = Debug|Any CPU
		{1E6C74E3-5144-4D89-80D5-3D94D88F7520}.Release|Any CPU.ActiveCfg = Release|Any CPU
		{1E6C74E3-5144-4D89-80D5-3D94D88F7520}.Release|Any CPU.Build.0 = Release|Any CPU
	EndGlobalSection
EndGlobal
